
Microsoft Visual Studio Solution File, Format Version 12.00
# Visual Studio 15
VisualStudioVersion = 15.0.28010.2041
MinimumVisualStudioVersion = 10.0.40219.1
Project("{FAE04EC0-301F-11D3-BF4B-00C04F79EFBC}") = "WEB_API2_Consuming_WCF", "WEB_API2_Consuming_WCF\WEB_API2_Consuming_WCF.csproj", "{D283CBC4-9706-46A6-BA22-AA79D3AE8742}"
EndProject
Global
	GlobalSection(SolutionConfigurationPlatforms) = preSolution
		Debug|Any CPU = Debug|Any CPU
		Release|Any CPU = Release|Any CPU
	EndGlobalSection
	GlobalSection(ProjectConfigurationPlatforms) = postSolution
		{D283CBC4-9706-46A6-BA22-AA79D3AE8742}.Debug|Any CPU.ActiveCfg = Debug|Any CPU
		{D283CBC4-9706-46A6-BA22-AA79D3AE8742}.Debug|Any CPU.Build.0 = Debug|Any CPU
		{D283CBC4-9706-46A6-BA22-AA79D3AE8742}.Release|Any CPU.ActiveCfg = Release|Any CPU
		{D283CBC4-9706-46A6-BA22-AA79D3AE8742}.Release|Any CPU.Build.0 = Release|Any CPU
	EndGlobalSection
	GlobalSection(SolutionProperties) = preSolution
		HideSolutionNode = FALSE
	EndGlobalSection
	GlobalSection(ExtensibilityGlobals) = postSolution
		SolutionGuid = {BFA015CF-A5C5-4792-B2AC-E3981A68140F}
	EndGlobalSection
EndGlobal
